
Microsoft Visual Studio Solution File, Format Version 12.00
# Visual Studio Version 17
VisualStudioVersion = 17.14.36310.24
MinimumVisualStudioVersion = 10.0.40219.1
Project("{FAE04EC0-301F-11D3-BF4B-00C04F79EFBC}") = "0811", "0811\0811.csproj", "{F97E14D2-C2E7-4A3C-816F-0A3BDD0E64B5}"
EndProject
Project("{FAE04EC0-301F-11D3-BF4B-00C04F79EFBC}") = "0811_2", "0811_2\0811_2.csproj", "{ED73CF46-8AF6-4F01-9CDD-278212197EC7}"
EndProject
Project("{FAE04EC0-301F-11D3-BF4B-00C04F79EFBC}") = "0811_ex", "0811_ex\0811_ex.csproj", "{9969E344-49EA-4110-A1EC-D98818A65DA5}"
EndProject
Project("{FAE04EC0-301F-11D3-BF4B-00C04F79EFBC}") = "0812", "0812\0812.csproj", "{D9650463-5997-40FE-BD7D-4A24B1C2CA61}"
EndProject
Project("{FAE04EC0-301F-11D3-BF4B-00C04F79EFBC}") = "0812_2", "0812_2\0812_2.csproj", "{1A7C1A57-6A88-4126-9080-0904916851F2}"
EndProject
Project("{FAE04EC0-301F-11D3-BF4B-00C04F79EFBC}") = "0812_ex2", "0812_ex2\0812_ex2.csproj", "{32010C77-BB87-4CAB-AC02-F49485EBEDDF}"
EndProject
Project("{FAE04EC0-301F-11D3-BF4B-00C04F79EFBC}") = "0813", "0813\0813.csproj", "{BD101F6C-9D04-43EE-9536-106B4A12E8E4}"
EndProject
Project("{FAE04EC0-301F-11D3-BF4B-00C04F79EFBC}") = "0813_ex", "0813_ex\0813_ex.csproj", "{2D667B8D-FC83-41D1-95E7-32F0EF6663CA}"
EndProject
Project("{FAE04EC0-301F-11D3-BF4B-00C04F79EFBC}") = "0814", "0814\0814.csproj", "{0DA1CF75-C176-4E6D-B17F-F69B0922EA6D}"
EndProject
Project("{FAE04EC0-301F-11D3-BF4B-00C04F79EFBC}") = "0814_ex", "0814_ex\0814_ex.csproj", "{A6FA1C3C-C4B4-4650-B93F-85662F9D2F67}"
EndProject
Project("{FAE04EC0-301F-11D3-BF4B-00C04F79EFBC}") = "0814_2", "0814_2\0814_2.csproj", "{1D94A0C8-415E-4120-8686-9CFAADA87417}"
EndProject
Project("{FAE04EC0-301F-11D3-BF4B-00C04F79EFBC}") = "0814_3", "0814_3\0814_3.csproj", "{2E2C87DD-286E-42E4-931B-FF961A6DE11A}"
EndProject
Project("{FAE04EC0-301F-11D3-BF4B-00C04F79EFBC}") = "0814_ex2", "0814_ex2\0814_ex2.csproj", "{662AA695-5C96-46E4-B438-2B09F413DB8C}"
EndProject
Project("{FAE04EC0-301F-11D3-BF4B-00C04F79EFBC}") = "0818_ex", "0818_ex\0818_ex.csproj", "{9350556A-3334-4191-AD17-86A09BBF2002}"
EndProject
Project("{FAE04EC0-301F-11D3-BF4B-00C04F79EFBC}") = "0818_ex2", "0818_ex2\0818_ex2.csproj", "{CD2C861B-B8D7-4C3D-8C15-3104E0AB298A}"
EndProject
Project("{FAE04EC0-301F-11D3-BF4B-00C04F79EFBC}") = "0819", "0819\0819.csproj", "{EF3DF660-8B4E-478D-90CF-178B8E10EBB5}"
EndProject
Project("{FAE04EC0-301F-11D3-BF4B-00C04F79EFBC}") = "0819_2", "0819_2\0819_2.csproj", "{611DFFA0-677F-4D98-9102-5CC383795E03}"
EndProject
Project("{FAE04EC0-301F-11D3-BF4B-00C04F79EFBC}") = "0820_2", "0820_2\0820_2.csproj", "{EA50C6FC-292B-4E91-8A3C-9DE729D85C24}"
EndProject
Project("{FAE04EC0-301F-11D3-BF4B-00C04F79EFBC}") = "0820_4", "0820_4\0820_4.csproj", "{34023DDF-9492-4A20-8A82-529111B8B607}"
EndProject
Project("{FAE04EC0-301F-11D3-BF4B-00C04F79EFBC}") = "0825", "0825\0825.csproj", "{89425725-0647-44BB-A1F4-28024EE72864}"
EndProject
Project("{FAE04EC0-301F-11D3-BF4B-00C04F79EFBC}") = "0825_2", "0825_2\0825_2.csproj", "{5D72E2CD-3B27-415B-8636-E0B091BEC265}"
EndProject
Project("{FAE04EC0-301F-11D3-BF4B-00C04F79EFBC}") = "0825_3", "0825_3\0825_3.csproj", "{3FCCDBCC-F25B-49B7-AF5B-548D8FF190AD}"
EndProject
Project("{FAE04EC0-301F-11D3-BF4B-00C04F79EFBC}") = "0825_4", "0825_4\0825_4.csproj", "{0414E481-E4E3-4F87-83D3-CBAEB2089B6F}"
EndProject
Project("{FAE04EC0-301F-11D3-BF4B-00C04F79EFBC}") = "0826", "0826\0826.csproj", "{B8079D73-CDD8-4459-AAB5-591BEA3F7DEC}"
EndProject
Project("{FAE04EC0-301F-11D3-BF4B-00C04F79EFBC}") = "Project", "Project\Project.csproj", "{45277EA3-983F-4FC3-BA2D-925E1088CB43}"
EndProject
Global
	GlobalSection(SolutionConfigurationPlatforms) = preSolution
		Debug|Any CPU = Debug|Any CPU
		Release|Any CPU = Release|Any CPU
	EndGlobalSection
	GlobalSection(ProjectConfigurationPlatforms) = postSolution
		{F97E14D2-C2E7-4A3C-816F-0A3BDD0E64B5}.Debug|Any CPU.ActiveCfg = Debug|Any CPU
		{F97E14D2-C2E7-4A3C-816F-0A3BDD0E64B5}.Debug|Any CPU.Build.0 = Debug|Any CPU
		{F97E14D2-C2E7-4A3C-816F-0A3BDD0E64B5}.Release|Any CPU.ActiveCfg = Release|Any CPU
		{F97E14D2-C2E7-4A3C-816F-0A3BDD0E64B5}.Release|Any CPU.Build.0 = Release|Any CPU
		{ED73CF46-8AF6-4F01-9CDD-278212197EC7}.Debug|Any CPU.ActiveCfg = Debug|Any CPU
		{ED73CF46-8AF6-4F01-9CDD-278212197EC7}.Debug|Any CPU.Build.0 = Debug|Any CPU
		{ED73CF46-8AF6-4F01-9CDD-278212197EC7}.Release|Any CPU.ActiveCfg = Release|Any CPU
		{ED73CF46-8AF6-4F01-9CDD-278212197EC7}.Release|Any CPU.Build.0 = Release|Any CPU
		{9969E344-49EA-4110-A1EC-D98818A65DA5}.Debug|Any CPU.ActiveCfg = Debug|Any CPU
		{9969E344-49EA-4110-A1EC-D98818A65DA5}.Debug|Any CPU.Build.0 = Debug|Any CPU
		{9969E344-49EA-4110-A1EC-D98818A65DA5}.Release|Any CPU.ActiveCfg = Release|Any CPU
		{9969E344-49EA-4110-A1EC-D98818A65DA5}.Release|Any CPU.Build.0 = Release|Any CPU
		{D9650463-5997-40FE-BD7D-4A24B1C2CA61}.Debug|Any CPU.ActiveCfg = Debug|Any CPU
		{D9650463-5997-40FE-BD7D-4A24B1C2CA61}.Debug|Any CPU.Build.0 = Debug|Any CPU
		{D9650463-5997-40FE-BD7D-4A24B1C2CA61}.Release|Any CPU.ActiveCfg = Release|Any CPU
		{D9650463-5997-40FE-BD7D-4A24B1C2CA61}.Release|Any CPU.Build.0 = Release|Any CPU
		{1A7C1A57-6A88-4126-9080-0904916851F2}.Debug|Any CPU.ActiveCfg = Debug|Any CPU
		{1A7C1A57-6A88-4126-9080-0904916851F2}.Debug|Any CPU.Build.0 = Debug|Any CPU
		{1A7C1A57-6A88-4126-9080-0904916851F2}.Release|Any CPU.ActiveCfg = Release|Any CPU
		{1A7C1A57-6A88-4126-9080-0904916851F2}.Release|Any CPU.Build.0 = Release|Any CPU
		{32010C77-BB87-4CAB-AC02-F49485EBEDDF}.Debug|Any CPU.ActiveCfg = Debug|Any CPU
		{32010C77-BB87-4CAB-AC02-F49485EBEDDF}.Debug|Any CPU.Build.0 = Debug|Any CPU
		{32010C77-BB87-4CAB-AC02-F49485EBEDDF}.Release|Any CPU.ActiveCfg = Release|Any CPU
		{32010C77-BB87-4CAB-AC02-F49485EBEDDF}.Release|Any CPU.Build.0 = Release|Any CPU
		{BD101F6C-9D04-43EE-9536-106B4A12E8E4}.Debug|Any CPU.ActiveCfg = Debug|Any CPU
		{BD101F6C-9D04-43EE-9536-106B4A12E8E4}.Debug|Any CPU.Build.0 = Debug|Any CPU
		{BD101F6C-9D04-43EE-9536-106B4A12E8E4}.Release|Any CPU.ActiveCfg = Release|Any CPU
		{BD101F6C-9D04-43EE-9536-106B4A12E8E4}.Release|Any CPU.Build.0 = Release|Any CPU
		{2D667B8D-FC83-41D1-95E7-32F0EF6663CA}.Debug|Any CPU.ActiveCfg = Debug|Any CPU
		{2D667B8D-FC83-41D1-95E7-32F0EF6663CA}.Debug|Any CPU.Build.0 = Debug|Any CPU
		{2D667B8D-FC83-41D1-95E7-32F0EF6663CA}.Release|Any CPU.ActiveCfg = Release|Any CPU
		{2D667B8D-FC83-41D1-95E7-32F0EF6663CA}.Release|Any CPU.Build.0 = Release|Any CPU
		{0DA1CF75-C176-4E6D-B17F-F69B0922EA6D}.Debug|Any CPU.ActiveCfg = Debug|Any CPU
		{0DA1CF75-C176-4E6D-B17F-F69B0922EA6D}.Debug|Any CPU.Build.0 = Debug|Any CPU
		{0DA1CF75-C176-4E6D-B17F-F69B0922EA6D}.Release|Any CPU.ActiveCfg = Release|Any CPU
		{0DA1CF75-C176-4E6D-B17F-F69B0922EA6D}.Release|Any CPU.Build.0 = Release|Any CPU
		{A6FA1C3C-C4B4-4650-B93F-85662F9D2F67}.Debug|Any CPU.ActiveCfg = Debug|Any CPU
		{A6FA1C3C-C4B4-4650-B93F-85662F9D2F67}.Debug|Any CPU.Build.0 = Debug|Any CPU
		{A6FA1C3C-C4B4-4650-B93F-85662F9D2F67}.Release|Any CPU.ActiveCfg = Release|Any CPU
		{A6FA1C3C-C4B4-4650-B93F-85662F9D2F67}.Release|Any CPU.Build.0 = Release|Any CPU
		{1D94A0C8-415E-4120-8686-9CFAADA87417}.Debug|Any CPU.ActiveCfg = Debug|Any CPU
		{1D94A0C8-415E-4120-8686-9CFAADA87417}.Debug|Any CPU.Build.0 = Debug|Any CPU
		{1D94A0C8-415E-4120-8686-9CFAADA87417}.Release|Any CPU.ActiveCfg = Release|Any CPU
		{1D94A0C8-415E-4120-8686-9CFAADA87417}.Release|Any CPU.Build.0 = Release|Any CPU
		{2E2C87DD-286E-42E4-931B-FF961A6DE11A}.Debug|Any CPU.ActiveCfg = Debug|Any CPU
		{2E2C87DD-286E-42E4-931B-FF961A6DE11A}.Debug|Any CPU.Build.0 = Debug|Any CPU
		{2E2C87DD-286E-42E4-931B-FF961A6DE11A}.Release|Any CPU.ActiveCfg = Release|Any CPU
		{2E2C87DD-286E-42E4-931B-FF961A6DE11A}.Release|Any CPU.Build.0 = Release|Any CPU
		{662AA695-5C96-46E4-B438-2B09F413DB8C}.Debug|Any CPU.ActiveCfg = Debug|Any CPU
		{662AA695-5C96-46E4-B438-2B09F413DB8C}.Debug|Any CPU.Build.0 = Debug|Any CPU
		{662AA695-5C96-46E4-B438-2B09F413DB8C}.Release|Any CPU.ActiveCfg = Release|Any CPU
		{662AA695-5C96-46E4-B438-2B09F413DB8C}.Release|Any CPU.Build.0 = Release|Any CPU
		{9350556A-3334-4191-AD17-86A09BBF2002}.Debug|Any CPU.ActiveCfg = Debug|Any CPU
		{9350556A-3334-4191-AD17-86A09BBF2002}.Debug|Any CPU.Build.0 = Debug|Any CPU
		{9350556A-3334-4191-AD17-86A09BBF2002}.Release|Any CPU.ActiveCfg = Release|Any CPU
		{9350556A-3334-4191-AD17-86A09BBF2002}.Release|Any CPU.Build.0 = Release|Any CPU
		{CD2C861B-B8D7-4C3D-8C15-3104E0AB298A}.Debug|Any CPU.ActiveCfg = Debug|Any CPU
		{CD2C861B-B8D7-4C3D-8C15-3104E0AB298A}.Debug|Any CPU.Build.0 = Debug|Any CPU
		{CD2C861B-B8D7-4C3D-8C15-3104E0AB298A}.Release|Any CPU.ActiveCfg = Release|Any CPU
		{CD2C861B-B8D7-4C3D-8C15-3104E0AB298A}.Release|Any CPU.Build.0 = Release|Any CPU
		{EF3DF660-8B4E-478D-90CF-178B8E10EBB5}.Debug|Any CPU.ActiveCfg = Debug|Any CPU
		{EF3DF660-8B4E-478D-90CF-178B8E10EBB5}.Debug|Any CPU.Build.0 = Debug|Any CPU
		{EF3DF660-8B4E-478D-90CF-178B8E10EBB5}.Release|Any CPU.ActiveCfg = Release|Any CPU
		{EF3DF660-8B4E-478D-90CF-178B8E10EBB5}.Release|Any CPU.Build.0 = Release|Any CPU
		{611DFFA0-677F-4D98-9102-5CC383795E03}.Debug|Any CPU.ActiveCfg = Debug|Any CPU
		{611DFFA0-677F-4D98-9102-5CC383795E03}.Debug|Any CPU.Build.0 = Debug|Any CPU
		{611DFFA0-677F-4D98-9102-5CC383795E03}.Release|Any CPU.ActiveCfg = Release|Any CPU
		{611DFFA0-677F-4D98-9102-5CC383795E03}.Release|Any CPU.Build.0 = Release|Any CPU
		{EA50C6FC-292B-4E91-8A3C-9DE729D85C24}.Debug|Any CPU.ActiveCfg = Debug|Any CPU
		{EA50C6FC-292B-4E91-8A3C-9DE729D85C24}.Debug|Any CPU.Build.0 = Debug|Any CPU
		{EA50C6FC-292B-4E91-8A3C-9DE729D85C24}.Release|Any CPU.ActiveCfg = Release|Any CPU
		{EA50C6FC-292B-4E91-8A3C-9DE729D85C24}.Release|Any CPU.Build.0 = Release|Any CPU
		{34023DDF-9492-4A20-8A82-529111B8B607}.Debug|Any CPU.ActiveCfg = Debug|Any CPU
		{34023DDF-9492-4A20-8A82-529111B8B607}.Debug|Any CPU.Build.0 = Debug|Any CPU
		{34023DDF-9492-4A20-8A82-529111B8B607}.Release|Any CPU.ActiveCfg = Release|Any CPU
		{34023DDF-9492-4A20-8A82-529111B8B607}.Release|Any CPU.Build.0 = Release|Any CPU
		{89425725-0647-44BB-A1F4-28024EE72864}.Debug|Any CPU.ActiveCfg = Debug|Any CPU
		{89425725-0647-44BB-A1F4-28024EE72864}.Debug|Any CPU.Build.0 = Debug|Any CPU
		{89425725-0647-44BB-A1F4-28024EE72864}.Release|Any CPU.ActiveCfg = Release|Any CPU
		{89425725-0647-44BB-A1F4-28024EE72864}.Release|Any CPU.Build.0 = Release|Any CPU
		{5D72E2CD-3B27-415B-8636-E0B091BEC265}.Debug|Any CPU.ActiveCfg = Debug|Any CPU
		{5D72E2CD-3B27-415B-8636-E0B091BEC265}.Debug|Any CPU.Build.0 = Debug|Any CPU
		{5D72E2CD-3B27-415B-8636-E0B091BEC265}.Release|Any CPU.ActiveCfg = Release|Any CPU
		{5D72E2CD-3B27-415B-8636-E0B091BEC265}.Release|Any CPU.Build.0 = Release|Any CPU
		{3FCCDBCC-F25B-49B7-AF5B-548D8FF190AD}.Debug|Any CPU.ActiveCfg = Debug|Any CPU
		{3FCCDBCC-F25B-49B7-AF5B-548D8FF190AD}.Debug|Any CPU.Build.0 = Debug|Any CPU
		{3FCCDBCC-F25B-49B7-AF5B-548D8FF190AD}.Release|Any CPU.ActiveCfg = Release|Any CPU
		{3FCCDBCC-F25B-49B7-AF5B-548D8FF190AD}.Release|Any CPU.Build.0 = Release|Any CPU
		{0414E481-E4E3-4F87-83D3-CBAEB2089B6F}.Debug|Any CPU.ActiveCfg = Debug|Any CPU
		{0414E481-E4E3-4F87-83D3-CBAEB2089B6F}.Debug|Any CPU.Build.0 = Debug|Any CPU
		{0414E481-E4E3-4F87-83D3-CBAEB2089B6F}.Release|Any CPU.ActiveCfg = Release|Any CPU
		{0414E481-E4E3-4F87-83D3-CBAEB2089B6F}.Release|Any CPU.Build.0 = Release|Any CPU
		{B8079D73-CDD8-4459-AAB5-591BEA3F7DEC}.Debug|Any CPU.ActiveCfg = Debug|Any CPU
		{B8079D73-CDD8-4459-AAB5-591BEA3F7DEC}.Debug|Any CPU.Build.0 = Debug|Any CPU
		{B8079D73-CDD8-4459-AAB5-591BEA3F7DEC}.Release|Any CPU.ActiveCfg = Release|Any CPU
		{B8079D73-CDD8-4459-AAB5-591BEA3F7DEC}.Release|Any CPU.Build.0 = Release|Any CPU
		{45277EA3-983F-4FC3-BA2D-925E1088CB43}.Debug|Any CPU.ActiveCfg = Debug|Any CPU
		{45277EA3-983F-4FC3-BA2D-925E1088CB43}.Debug|Any CPU.Build.0 = Debug|Any CPU
		{45277EA3-983F-4FC3-BA2D-925E1088CB43}.Release|Any CPU.ActiveCfg = Release|Any CPU
		{45277EA3-983F-4FC3-BA2D-925E1088CB43}.Release|Any CPU.Build.0 = Release|Any CPU
	EndGlobalSection
	GlobalSection(SolutionProperties) = preSolution
		HideSolutionNode = FALSE
	EndGlobalSection
	GlobalSection(ExtensibilityGlobals) = postSolution
		SolutionGuid = {1DC82B56-5FD5-45D4-9AB9-6EBB8C0623AA}
	EndGlobalSection
EndGlobal
